
Microsoft Visual Studio Solution File, Format Version 12.00
# Visual Studio Version 16
VisualStudioVersion = 16.0.29709.97
MinimumVisualStudioVersion = 10.0.40219.1
Project("{FAE04EC0-301F-11D3-BF4B-00C04F79EFBC}") = "MiscEncrypt", "MiscEncrypt.csproj", "{4AFAA552-877B-4E5B-B747-EDEBCD386827}"
EndProject
Global
	GlobalSection(SolutionConfigurationPlatforms) = preSolution
		Debug|Any CPU = Debug|Any CPU
		Release|Any CPU = Release|Any CPU
	EndGlobalSection
	GlobalSection(ProjectConfigurationPlatforms) = postSolution
		{4AFAA552-877B-4E5B-B747-EDEBCD386827}.Debug|Any CPU.ActiveCfg = Debug|Any CPU
		{4AFAA552-877B-4E5B-B747-EDEBCD386827}.Debug|Any CPU.Build.0 = Debug|Any CPU
		{4AFAA552-877B-4E5B-B747-EDEBCD386827}.Release|Any CPU.ActiveCfg = Release|Any CPU
		{4AFAA552-877B-4E5B-B747-EDEBCD386827}.Release|Any CPU.Build.0 = Release|Any CPU
	EndGlobalSection
	GlobalSection(SolutionProperties) = preSolution
		HideSolutionNode = FALSE
	EndGlobalSection
	GlobalSection(ExtensibilityGlobals) = postSolution
		SolutionGuid = {DA11E239-ADDB-4AE3-BEAB-758A8C8EB46D}
	EndGlobalSection
EndGlobal
